// !$*UTF8*$!
{
	archiveVersion = 1;
	classes = {
	};
	objectVersion = 77;
	objects = {

/* Begin PBXBuildFile section */
		07DEAE60DE866AE450B0D168 /* SensorService.swift in Sources */ = {isa = PBXBuildFile; fileRef = 05664AF6DD35210D50D4D873 /* SensorService.swift */; };
		0A04AF5B11A0831917ADD356 /* SensorListView.swift in Sources */ = {isa = PBXBuildFile; fileRef = 8B85179E897A875693EE50AD /* SensorListView.swift */; };
		0F4EDC318F405B7E520BF6C5 /* FrontmostAppObserver.swift in Sources */ = {isa = PBXBuildFile; fileRef = BF7E79F9D9CEB95EE90B4F21 /* FrontmostAppObserver.swift */; };
		133CBE6FAE9AA07D61B348B5 /* Assets.xcassets in Resources */ = {isa = PBXBuildFile; fileRef = A0C523C9176A233CA7DDF721 /* Assets.xcassets */; };
		14BC7D908B94115EF40BC9D5 /* ThrottleRuleEngine.swift in Sources */ = {isa = PBXBuildFile; fileRef = 9AAAF704569BD67EB8A1F6D1 /* ThrottleRuleEngine.swift */; };
		1A0F0707769B5E1104E65551 /* MenuBarPrefsView.swift in Sources */ = {isa = PBXBuildFile; fileRef = A0C53CD24479A02B74641C02 /* MenuBarPrefsView.swift */; };
		1D99B043A174F61732F796F8 /* PreferencesWindowController.swift in Sources */ = {isa = PBXBuildFile; fileRef = 4BE69B36A4A78E82AFCE02EA /* PreferencesWindowController.swift */; };
		1FBEFE6AFC18FA9F73206F50 /* GeneralPrefsView.swift in Sources */ = {isa = PBXBuildFile; fileRef = 5B734121E6713309C52DC0C7 /* GeneralPrefsView.swift */; };
		23E76F3C783FC9160017310E /* ThermalStore.swift in Sources */ = {isa = PBXBuildFile; fileRef = A3E2A65A91770B1DB2B928FA /* ThermalStore.swift */; };
		24F6786F7227631D1C081DF9 /* PreferencesView.swift in Sources */ = {isa = PBXBuildFile; fileRef = 68ECE41B669EE247996A79BF /* PreferencesView.swift */; };
		2B6962559FBCFCF4DDF1A3DF /* ProcessThrottlerArbitrationTests.swift in Sources */ = {isa = PBXBuildFile; fileRef = 1E38AF8B6D89383B136037DA /* ProcessThrottlerArbitrationTests.swift */; };
		2C02FDC905DF81A8091E7AD3 /* MenuBarQuickMenu.swift in Sources */ = {isa = PBXBuildFile; fileRef = E195513AB2DA802AD3B203E3 /* MenuBarQuickMenu.swift */; };
		2E8787E468BA9D77080343A2 /* IOKitSensorReader.swift in Sources */ = {isa = PBXBuildFile; fileRef = 5CE5078FB22B14DB0E38F98C /* IOKitSensorReader.swift */; };
		30D3D067217FDCD224706495 /* ProcessInspector.swift in Sources */ = {isa = PBXBuildFile; fileRef = BEE7645B03DAEDE64CB56215 /* ProcessInspector.swift */; };
		3C53C4BE5E248A344EB5EFBF /* DashboardWindowController.swift in Sources */ = {isa = PBXBuildFile; fileRef = CA0BC8AB84FF9B6D0145B148 /* DashboardWindowController.swift */; };
		3EE7E39D8EAC8F21B3B8DBD7 /* SafetyCoordinator.swift in Sources */ = {isa = PBXBuildFile; fileRef = D84B45CFA95D408F01D4D5A3 /* SafetyCoordinator.swift */; };
		4111D77C0E4FD338E48D7F0C /* AirAssistApp.swift in Sources */ = {isa = PBXBuildFile; fileRef = 5EBF17476E3029EC451ADEFF /* AirAssistApp.swift */; };
		50EF7E4928DD0A61A1B3869B /* Sensor.swift in Sources */ = {isa = PBXBuildFile; fileRef = 58CA07BBE53129D2A34A1589 /* Sensor.swift */; };
		5A858B7E2BF0CFC0B3E49847 /* ThrottleRule.swift in Sources */ = {isa = PBXBuildFile; fileRef = A644DAD204B5C11BF9D35A09 /* ThrottleRule.swift */; };
		5EEC54693BD115E3BF931574 /* ThermalGovernor.swift in Sources */ = {isa = PBXBuildFile; fileRef = 730102034F0141285957EA50 /* ThermalGovernor.swift */; };
		669F7ADA3EFC37AAD09B3AD2 /* MenuBarPrefs.swift in Sources */ = {isa = PBXBuildFile; fileRef = 0D2EA235795456EF4D733B04 /* MenuBarPrefs.swift */; };
		6C0C86897E24C74BE1885FEE /* ProcessSnapshotPublisher.swift in Sources */ = {isa = PBXBuildFile; fileRef = 3BFBE657DCEA969D7AC725E8 /* ProcessSnapshotPublisher.swift */; };
		704A38ED1043918BE5782CD2 /* IOKit.framework in Frameworks */ = {isa = PBXBuildFile; fileRef = 22B8A97982FB78D94D328FDB /* IOKit.framework */; };
		72FE15AFF7FE2FD18EBD5B04 /* ThresholdPersistence.swift in Sources */ = {isa = PBXBuildFile; fileRef = 5F2342EB5FCCF01609009A7F /* ThresholdPersistence.swift */; };
		8CA421B3782B870D24263659 /* ThrottlingPrefsView.swift in Sources */ = {isa = PBXBuildFile; fileRef = 573E0D36375389574C26D88F /* ThrottlingPrefsView.swift */; };
		8DC04E3A457334A8CD3D7EA3 /* MenuBarPopoverView.swift in Sources */ = {isa = PBXBuildFile; fileRef = 8351D3477D799FE481369D40 /* MenuBarPopoverView.swift */; };
		8EDE88F52ED18CCF2EFC8CBD /* AppDelegate.swift in Sources */ = {isa = PBXBuildFile; fileRef = A4C1EA66578373DFC8BB8830 /* AppDelegate.swift */; };
		96364AA71968BC08B8C14C16 /* DashboardView.swift in Sources */ = {isa = PBXBuildFile; fileRef = 73665E744DF97F6A87703F65 /* DashboardView.swift */; };
		A421ADB89070A8D476A827E9 /* TemperatureFormatter.swift in Sources */ = {isa = PBXBuildFile; fileRef = C4BCFA6DC35F8B8C60EFC9DD /* TemperatureFormatter.swift */; };
		A5B74A36D44F389797534E71 /* MenuBarIconRenderer.swift in Sources */ = {isa = PBXBuildFile; fileRef = 33E14DCBD5EA4C7C5865E92A /* MenuBarIconRenderer.swift */; };
		AB48799889B27371203501F4 /* SensorCategorizer.swift in Sources */ = {isa = PBXBuildFile; fileRef = A3DC26A8B4587EC9DE928881 /* SensorCategorizer.swift */; };
		ACFABCECFECDF629B1105134 /* GovernorConfig.swift in Sources */ = {isa = PBXBuildFile; fileRef = 9E7F4FA7F3E12822AFFD48AC /* GovernorConfig.swift */; };
		B0A47662747C2867086D592B /* SensorsPrefsView.swift in Sources */ = {isa = PBXBuildFile; fileRef = D0BD89C1534037D26554015A /* SensorsPrefsView.swift */; };
		B77AD3CA5AE2AF1411D68173 /* SafetyCoordinatorTests.swift in Sources */ = {isa = PBXBuildFile; fileRef = F7FB4450C23B79C33E2CBA5C /* SafetyCoordinatorTests.swift */; };
		BD6134487DFA3B4DD3CD9E0E /* GovernorConfigClampTests.swift in Sources */ = {isa = PBXBuildFile; fileRef = 209A50EAB91CC3E47E5F04A5 /* GovernorConfigClampTests.swift */; };
		C2E0E06F927D297FDC8B647B /* MenuBarController.swift in Sources */ = {isa = PBXBuildFile; fileRef = 2340286CEE2E559824D689B1 /* MenuBarController.swift */; };
		C43FB882937BC5D2E7FACF2B /* HistoryReader.swift in Sources */ = {isa = PBXBuildFile; fileRef = 0DD78EF5909056BC1B5C1321 /* HistoryReader.swift */; };
		C731C152534FB6D04AA9863E /* ProcessThrottler.swift in Sources */ = {isa = PBXBuildFile; fileRef = CC21475DBC53F8799B7B7332 /* ProcessThrottler.swift */; };
		C99CE41C0148623FB418A91D /* HistoryLogger.swift in Sources */ = {isa = PBXBuildFile; fileRef = F196C0F3CE861B44C60AC956 /* HistoryLogger.swift */; };
		CAB1687E2D8A71F55C3F50B5 /* ThermalEntry.swift in Sources */ = {isa = PBXBuildFile; fileRef = 292189D5E536AB9DB2DE7736 /* ThermalEntry.swift */; };
		CD2D85C4177BC7D73A473358 /* StayAwakeService.swift in Sources */ = {isa = PBXBuildFile; fileRef = F8C1BBF3AA8B15BA14C37857 /* StayAwakeService.swift */; };
		DA468550C7C0B1564688DBF2 /* SensorCardView.swift in Sources */ = {isa = PBXBuildFile; fileRef = AD667C42F60AF2E26D510B5F /* SensorCardView.swift */; };
		E421277A46C55704D12DEDB4 /* RunningProcess.swift in Sources */ = {isa = PBXBuildFile; fileRef = 8EAF397631AE11D4B570EC4D /* RunningProcess.swift */; };
		E9F23A842ABC54031BBAE6AB /* Constants.swift in Sources */ = {isa = PBXBuildFile; fileRef = 43403D677D51F2FAC26B14EA /* Constants.swift */; };
		EB79F540BA6F71D092CAA211 /* DashboardContainerView.swift in Sources */ = {isa = PBXBuildFile; fileRef = F30853DE6321B67F5A28A895 /* DashboardContainerView.swift */; };
		EBE6C2163E1F9171F1E8F87E /* ServiceManagement.framework in Frameworks */ = {isa = PBXBuildFile; fileRef = 738AAA405DB2CDD240D1B550 /* ServiceManagement.framework */; };
		FAB74801EE74233DE341FF9C /* HistoryView.swift in Sources */ = {isa = PBXBuildFile; fileRef = 02BA0BF3D6B9C098E7D51127 /* HistoryView.swift */; };
/* End PBXBuildFile section */

/* Begin PBXContainerItemProxy section */
		3FF354DA76CE11DC3245E2A3 /* PBXContainerItemProxy */ = {
			isa = PBXContainerItemProxy;
			containerPortal = F33C39F33672A17BC2A1E0D9 /* Project object */;
			proxyType = 1;
			remoteGlobalIDString = 7BA1AA1EFB1012E94DD9A5FA;
			remoteInfo = AirAssist;
		};
/* End PBXContainerItemProxy section */

/* Begin PBXFileReference section */
		02BA0BF3D6B9C098E7D51127 /* HistoryView.swift */ = {isa = PBXFileReference; lastKnownFileType = sourcecode.swift; path = HistoryView.swift; sourceTree = "<group>"; };
		05664AF6DD35210D50D4D873 /* SensorService.swift */ = {isa = PBXFileReference; lastKnownFileType = sourcecode.swift; path = SensorService.swift; sourceTree = "<group>"; };
		0D2EA235795456EF4D733B04 /* MenuBarPrefs.swift */ = {isa = PBXFileReference; lastKnownFileType = sourcecode.swift; path = MenuBarPrefs.swift; sourceTree = "<group>"; };
		0DD78EF5909056BC1B5C1321 /* HistoryReader.swift */ = {isa = PBXFileReference; lastKnownFileType = sourcecode.swift; path = HistoryReader.swift; sourceTree = "<group>"; };
		16E8286BDB0C5E6AF90B6498 /* AirAssistTests.xctest */ = {isa = PBXFileReference; explicitFileType = wrapper.cfbundle; includeInIndex = 0; path = AirAssistTests.xctest; sourceTree = BUILT_PRODUCTS_DIR; };
		1A5AAA1B4722BB40A7EC6D67 /* AirAssist.app */ = {isa = PBXFileReference; explicitFileType = wrapper.application; includeInIndex = 0; path = AirAssist.app; sourceTree = BUILT_PRODUCTS_DIR; };
		1E38AF8B6D89383B136037DA /* ProcessThrottlerArbitrationTests.swift */ = {isa = PBXFileReference; lastKnownFileType = sourcecode.swift; path = ProcessThrottlerArbitrationTests.swift; sourceTree = "<group>"; };
		209A50EAB91CC3E47E5F04A5 /* GovernorConfigClampTests.swift */ = {isa = PBXFileReference; lastKnownFileType = sourcecode.swift; path = GovernorConfigClampTests.swift; sourceTree = "<group>"; };
		22B8A97982FB78D94D328FDB /* IOKit.framework */ = {isa = PBXFileReference; lastKnownFileType = wrapper.framework; name = IOKit.framework; path = System/Library/Frameworks/IOKit.framework; sourceTree = SDKROOT; };
		2340286CEE2E559824D689B1 /* MenuBarController.swift */ = {isa = PBXFileReference; lastKnownFileType = sourcecode.swift; path = MenuBarController.swift; sourceTree = "<group>"; };
		292189D5E536AB9DB2DE7736 /* ThermalEntry.swift */ = {isa = PBXFileReference; lastKnownFileType = sourcecode.swift; path = ThermalEntry.swift; sourceTree = "<group>"; };
		33E14DCBD5EA4C7C5865E92A /* MenuBarIconRenderer.swift */ = {isa = PBXFileReference; lastKnownFileType = sourcecode.swift; path = MenuBarIconRenderer.swift; sourceTree = "<group>"; };
		3BFBE657DCEA969D7AC725E8 /* ProcessSnapshotPublisher.swift */ = {isa = PBXFileReference; lastKnownFileType = sourcecode.swift; path = ProcessSnapshotPublisher.swift; sourceTree = "<group>"; };
		43403D677D51F2FAC26B14EA /* Constants.swift */ = {isa = PBXFileReference; lastKnownFileType = sourcecode.swift; path = Constants.swift; sourceTree = "<group>"; };
		4BE69B36A4A78E82AFCE02EA /* PreferencesWindowController.swift */ = {isa = PBXFileReference; lastKnownFileType = sourcecode.swift; path = PreferencesWindowController.swift; sourceTree = "<group>"; };
		573E0D36375389574C26D88F /* ThrottlingPrefsView.swift */ = {isa = PBXFileReference; lastKnownFileType = sourcecode.swift; path = ThrottlingPrefsView.swift; sourceTree = "<group>"; };
		58CA07BBE53129D2A34A1589 /* Sensor.swift */ = {isa = PBXFileReference; lastKnownFileType = sourcecode.swift; path = Sensor.swift; sourceTree = "<group>"; };
		5B734121E6713309C52DC0C7 /* GeneralPrefsView.swift */ = {isa = PBXFileReference; lastKnownFileType = sourcecode.swift; path = GeneralPrefsView.swift; sourceTree = "<group>"; };
		5CE5078FB22B14DB0E38F98C /* IOKitSensorReader.swift */ = {isa = PBXFileReference; lastKnownFileType = sourcecode.swift; path = IOKitSensorReader.swift; sourceTree = "<group>"; };
		5EBF17476E3029EC451ADEFF /* AirAssistApp.swift */ = {isa = PBXFileReference; lastKnownFileType = sourcecode.swift; path = AirAssistApp.swift; sourceTree = "<group>"; };
		5F2342EB5FCCF01609009A7F /* ThresholdPersistence.swift */ = {isa = PBXFileReference; lastKnownFileType = sourcecode.swift; path = ThresholdPersistence.swift; sourceTree = "<group>"; };
		68ECE41B669EE247996A79BF /* PreferencesView.swift */ = {isa = PBXFileReference; lastKnownFileType = sourcecode.swift; path = PreferencesView.swift; sourceTree = "<group>"; };
		730102034F0141285957EA50 /* ThermalGovernor.swift */ = {isa = PBXFileReference; lastKnownFileType = sourcecode.swift; path = ThermalGovernor.swift; sourceTree = "<group>"; };
		73665E744DF97F6A87703F65 /* DashboardView.swift */ = {isa = PBXFileReference; lastKnownFileType = sourcecode.swift; path = DashboardView.swift; sourceTree = "<group>"; };
		738AAA405DB2CDD240D1B550 /* ServiceManagement.framework */ = {isa = PBXFileReference; lastKnownFileType = wrapper.framework; name = ServiceManagement.framework; path = System/Library/Frameworks/ServiceManagement.framework; sourceTree = SDKROOT; };
		8351D3477D799FE481369D40 /* MenuBarPopoverView.swift */ = {isa = PBXFileReference; lastKnownFileType = sourcecode.swift; path = MenuBarPopoverView.swift; sourceTree = "<group>"; };
		8B85179E897A875693EE50AD /* SensorListView.swift */ = {isa = PBXFileReference; lastKnownFileType = sourcecode.swift; path = SensorListView.swift; sourceTree = "<group>"; };
		8EAF397631AE11D4B570EC4D /* RunningProcess.swift */ = {isa = PBXFileReference; lastKnownFileType = sourcecode.swift; path = RunningProcess.swift; sourceTree = "<group>"; };
		9AAAF704569BD67EB8A1F6D1 /* ThrottleRuleEngine.swift */ = {isa = PBXFileReference; lastKnownFileType = sourcecode.swift; path = ThrottleRuleEngine.swift; sourceTree = "<group>"; };
		9E7F4FA7F3E12822AFFD48AC /* GovernorConfig.swift */ = {isa = PBXFileReference; lastKnownFileType = sourcecode.swift; path = GovernorConfig.swift; sourceTree = "<group>"; };
		A0C523C9176A233CA7DDF721 /* Assets.xcassets */ = {isa = PBXFileReference; lastKnownFileType = folder.assetcatalog; path = Assets.xcassets; sourceTree = "<group>"; };
		A0C53CD24479A02B74641C02 /* MenuBarPrefsView.swift */ = {isa = PBXFileReference; lastKnownFileType = sourcecode.swift; path = MenuBarPrefsView.swift; sourceTree = "<group>"; };
		A3DC26A8B4587EC9DE928881 /* SensorCategorizer.swift */ = {isa = PBXFileReference; lastKnownFileType = sourcecode.swift; path = SensorCategorizer.swift; sourceTree = "<group>"; };
		A3E2A65A91770B1DB2B928FA /* ThermalStore.swift */ = {isa = PBXFileReference; lastKnownFileType = sourcecode.swift; path = ThermalStore.swift; sourceTree = "<group>"; };
		A4C1EA66578373DFC8BB8830 /* AppDelegate.swift */ = {isa = PBXFileReference; lastKnownFileType = sourcecode.swift; path = AppDelegate.swift; sourceTree = "<group>"; };
		A644DAD204B5C11BF9D35A09 /* ThrottleRule.swift */ = {isa = PBXFileReference; lastKnownFileType = sourcecode.swift; path = ThrottleRule.swift; sourceTree = "<group>"; };
		AD667C42F60AF2E26D510B5F /* SensorCardView.swift */ = {isa = PBXFileReference; lastKnownFileType = sourcecode.swift; path = SensorCardView.swift; sourceTree = "<group>"; };
		BEE7645B03DAEDE64CB56215 /* ProcessInspector.swift */ = {isa = PBXFileReference; lastKnownFileType = sourcecode.swift; path = ProcessInspector.swift; sourceTree = "<group>"; };
		BF7E79F9D9CEB95EE90B4F21 /* FrontmostAppObserver.swift */ = {isa = PBXFileReference; lastKnownFileType = sourcecode.swift; path = FrontmostAppObserver.swift; sourceTree = "<group>"; };
		C4BCFA6DC35F8B8C60EFC9DD /* TemperatureFormatter.swift */ = {isa = PBXFileReference; lastKnownFileType = sourcecode.swift; path = TemperatureFormatter.swift; sourceTree = "<group>"; };
		CA0BC8AB84FF9B6D0145B148 /* DashboardWindowController.swift */ = {isa = PBXFileReference; lastKnownFileType = sourcecode.swift; path = DashboardWindowController.swift; sourceTree = "<group>"; };
		CC21475DBC53F8799B7B7332 /* ProcessThrottler.swift */ = {isa = PBXFileReference; lastKnownFileType = sourcecode.swift; path = ProcessThrottler.swift; sourceTree = "<group>"; };
		D0BD89C1534037D26554015A /* SensorsPrefsView.swift */ = {isa = PBXFileReference; lastKnownFileType = sourcecode.swift; path = SensorsPrefsView.swift; sourceTree = "<group>"; };
		D84B45CFA95D408F01D4D5A3 /* SafetyCoordinator.swift */ = {isa = PBXFileReference; lastKnownFileType = sourcecode.swift; path = SafetyCoordinator.swift; sourceTree = "<group>"; };
		E195513AB2DA802AD3B203E3 /* MenuBarQuickMenu.swift */ = {isa = PBXFileReference; lastKnownFileType = sourcecode.swift; path = MenuBarQuickMenu.swift; sourceTree = "<group>"; };
		F196C0F3CE861B44C60AC956 /* HistoryLogger.swift */ = {isa = PBXFileReference; lastKnownFileType = sourcecode.swift; path = HistoryLogger.swift; sourceTree = "<group>"; };
		F30853DE6321B67F5A28A895 /* DashboardContainerView.swift */ = {isa = PBXFileReference; lastKnownFileType = sourcecode.swift; path = DashboardContainerView.swift; sourceTree = "<group>"; };
		F7FB4450C23B79C33E2CBA5C /* SafetyCoordinatorTests.swift */ = {isa = PBXFileReference; lastKnownFileType = sourcecode.swift; path = SafetyCoordinatorTests.swift; sourceTree = "<group>"; };
		F8C1BBF3AA8B15BA14C37857 /* StayAwakeService.swift */ = {isa = PBXFileReference; lastKnownFileType = sourcecode.swift; path = StayAwakeService.swift; sourceTree = "<group>"; };
		FAE7B1E9B83D8BC64EA57633 /* IOKitBridge.h */ = {isa = PBXFileReference; lastKnownFileType = sourcecode.c.h; path = IOKitBridge.h; sourceTree = "<group>"; };
		FB12A736A62BA39A609E7C19 /* Info.plist */ = {isa = PBXFileReference; lastKnownFileType = text.plist; path = Info.plist; sourceTree = "<group>"; };
/* End PBXFileReference section */

/* Begin PBXFrameworksBuildPhase section */
		774A4810A74CE21D9CEE4E5B /* Frameworks */ = {
			isa = PBXFrameworksBuildPhase;
			buildActionMask = 2147483647;
			files = (
				704A38ED1043918BE5782CD2 /* IOKit.framework in Frameworks */,
				EBE6C2163E1F9171F1E8F87E /* ServiceManagement.framework in Frameworks */,
			);
			runOnlyForDeploymentPostprocessing = 0;
		};
/* End PBXFrameworksBuildPhase section */

/* Begin PBXGroup section */
		04DD910EBF200267DE31F9B7 /* UI */ = {
			isa = PBXGroup;
			children = (
				511DEC8A353C08911776EAF3 /* Dashboard */,
				7140075E39639BFF50709213 /* MenuBar */,
				3C33EFF878E8ADDEBD294ED8 /* Preferences */,
			);
			path = UI;
			sourceTree = "<group>";
		};
		09669E238E58D811CA3E5D82 /* AirAssist */ = {
			isa = PBXGroup;
			children = (
				A0C523C9176A233CA7DDF721 /* Assets.xcassets */,
				43403D677D51F2FAC26B14EA /* Constants.swift */,
				FB12A736A62BA39A609E7C19 /* Info.plist */,
				FAE7B1E9B83D8BC64EA57633 /* IOKitBridge.h */,
				6B61702148936805F829A124 /* App */,
				560B8DB62576E337A69F01F9 /* Models */,
				803F2BB8CDD42057DA27761A /* Services */,
				15EC29B34DF5123FC884E725 /* Store */,
				04DD910EBF200267DE31F9B7 /* UI */,
			);
			path = AirAssist;
			sourceTree = "<group>";
		};
		0B21C9C1D4DFC06A0D6B88EE /* Frameworks */ = {
			isa = PBXGroup;
			children = (
				22B8A97982FB78D94D328FDB /* IOKit.framework */,
				738AAA405DB2CDD240D1B550 /* ServiceManagement.framework */,
			);
			name = Frameworks;
			sourceTree = "<group>";
		};
		15EC29B34DF5123FC884E725 /* Store */ = {
			isa = PBXGroup;
			children = (
				A3E2A65A91770B1DB2B928FA /* ThermalStore.swift */,
			);
			path = Store;
			sourceTree = "<group>";
		};
		2E24B3DBCD6DB64E93F0D5EE = {
			isa = PBXGroup;
			children = (
				09669E238E58D811CA3E5D82 /* AirAssist */,
				BD6BE353B8FE8562FD7A8890 /* AirAssistTests */,
				0B21C9C1D4DFC06A0D6B88EE /* Frameworks */,
				E475C39220847B2C421D62B4 /* Products */,
			);
			indentWidth = 4;
			sourceTree = "<group>";
			tabWidth = 4;
			usesTabs = 0;
		};
		3C33EFF878E8ADDEBD294ED8 /* Preferences */ = {
			isa = PBXGroup;
			children = (
				5B734121E6713309C52DC0C7 /* GeneralPrefsView.swift */,
				A0C53CD24479A02B74641C02 /* MenuBarPrefsView.swift */,
				68ECE41B669EE247996A79BF /* PreferencesView.swift */,
				4BE69B36A4A78E82AFCE02EA /* PreferencesWindowController.swift */,
				D0BD89C1534037D26554015A /* SensorsPrefsView.swift */,
				573E0D36375389574C26D88F /* ThrottlingPrefsView.swift */,
			);
			path = Preferences;
			sourceTree = "<group>";
		};
		511DEC8A353C08911776EAF3 /* Dashboard */ = {
			isa = PBXGroup;
			children = (
				F30853DE6321B67F5A28A895 /* DashboardContainerView.swift */,
				73665E744DF97F6A87703F65 /* DashboardView.swift */,
				CA0BC8AB84FF9B6D0145B148 /* DashboardWindowController.swift */,
				02BA0BF3D6B9C098E7D51127 /* HistoryView.swift */,
				AD667C42F60AF2E26D510B5F /* SensorCardView.swift */,
			);
			path = Dashboard;
			sourceTree = "<group>";
		};
		560B8DB62576E337A69F01F9 /* Models */ = {
			isa = PBXGroup;
			children = (
				9E7F4FA7F3E12822AFFD48AC /* GovernorConfig.swift */,
				0D2EA235795456EF4D733B04 /* MenuBarPrefs.swift */,
				8EAF397631AE11D4B570EC4D /* RunningProcess.swift */,
				58CA07BBE53129D2A34A1589 /* Sensor.swift */,
				A3DC26A8B4587EC9DE928881 /* SensorCategorizer.swift */,
				C4BCFA6DC35F8B8C60EFC9DD /* TemperatureFormatter.swift */,
				292189D5E536AB9DB2DE7736 /* ThermalEntry.swift */,
				5F2342EB5FCCF01609009A7F /* ThresholdPersistence.swift */,
				A644DAD204B5C11BF9D35A09 /* ThrottleRule.swift */,
			);
			path = Models;
			sourceTree = "<group>";
		};
		6B61702148936805F829A124 /* App */ = {
			isa = PBXGroup;
			children = (
				5EBF17476E3029EC451ADEFF /* AirAssistApp.swift */,
				A4C1EA66578373DFC8BB8830 /* AppDelegate.swift */,
			);
			path = App;
			sourceTree = "<group>";
		};
		7140075E39639BFF50709213 /* MenuBar */ = {
			isa = PBXGroup;
			children = (
				2340286CEE2E559824D689B1 /* MenuBarController.swift */,
				33E14DCBD5EA4C7C5865E92A /* MenuBarIconRenderer.swift */,
				8351D3477D799FE481369D40 /* MenuBarPopoverView.swift */,
				E195513AB2DA802AD3B203E3 /* MenuBarQuickMenu.swift */,
				8B85179E897A875693EE50AD /* SensorListView.swift */,
			);
			path = MenuBar;
			sourceTree = "<group>";
		};
		803F2BB8CDD42057DA27761A /* Services */ = {
			isa = PBXGroup;
			children = (
				BF7E79F9D9CEB95EE90B4F21 /* FrontmostAppObserver.swift */,
				F196C0F3CE861B44C60AC956 /* HistoryLogger.swift */,
				0DD78EF5909056BC1B5C1321 /* HistoryReader.swift */,
				5CE5078FB22B14DB0E38F98C /* IOKitSensorReader.swift */,
				BEE7645B03DAEDE64CB56215 /* ProcessInspector.swift */,
				3BFBE657DCEA969D7AC725E8 /* ProcessSnapshotPublisher.swift */,
				CC21475DBC53F8799B7B7332 /* ProcessThrottler.swift */,
				D84B45CFA95D408F01D4D5A3 /* SafetyCoordinator.swift */,
				05664AF6DD35210D50D4D873 /* SensorService.swift */,
				F8C1BBF3AA8B15BA14C37857 /* StayAwakeService.swift */,
				730102034F0141285957EA50 /* ThermalGovernor.swift */,
				9AAAF704569BD67EB8A1F6D1 /* ThrottleRuleEngine.swift */,
			);
			path = Services;
			sourceTree = "<group>";
		};
		BD6BE353B8FE8562FD7A8890 /* AirAssistTests */ = {
			isa = PBXGroup;
			children = (
				209A50EAB91CC3E47E5F04A5 /* GovernorConfigClampTests.swift */,
				1E38AF8B6D89383B136037DA /* ProcessThrottlerArbitrationTests.swift */,
				F7FB4450C23B79C33E2CBA5C /* SafetyCoordinatorTests.swift */,
			);
			path = AirAssistTests;
			sourceTree = "<group>";
		};
		E475C39220847B2C421D62B4 /* Products */ = {
			isa = PBXGroup;
			children = (
				1A5AAA1B4722BB40A7EC6D67 /* AirAssist.app */,
				16E8286BDB0C5E6AF90B6498 /* AirAssistTests.xctest */,
			);
			name = Products;
			sourceTree = "<group>";
		};
/* End PBXGroup section */

/* Begin PBXNativeTarget section */
		7BA1AA1EFB1012E94DD9A5FA /* AirAssist */ = {
			isa = PBXNativeTarget;
			buildConfigurationList = 4FA0E1B18539A68F99F3865F /* Build configuration list for PBXNativeTarget "AirAssist" */;
			buildPhases = (
				7F558EAAFC9B6A4D4C76C239 /* Sources */,
				9F3BCA545AB0D073E1BC2EC0 /* Resources */,
				774A4810A74CE21D9CEE4E5B /* Frameworks */,
			);
			buildRules = (
			);
			dependencies = (
			);
			name = AirAssist;
			packageProductDependencies = (
			);
			productName = AirAssist;
			productReference = 1A5AAA1B4722BB40A7EC6D67 /* AirAssist.app */;
			productType = "com.apple.product-type.application";
		};
		FD2D560CF513834C1517A36E /* AirAssistTests */ = {
			isa = PBXNativeTarget;
			buildConfigurationList = 1217BCD6773326CD04491F1F /* Build configuration list for PBXNativeTarget "AirAssistTests" */;
			buildPhases = (
				4AF345E839684E3409B11B1B /* Sources */,
			);
			buildRules = (
			);
			dependencies = (
				E70B237EE69C04458651FD4F /* PBXTargetDependency */,
			);
			name = AirAssistTests;
			packageProductDependencies = (
			);
			productName = AirAssistTests;
			productReference = 16E8286BDB0C5E6AF90B6498 /* AirAssistTests.xctest */;
			productType = "com.apple.product-type.bundle.unit-test";
		};
/* End PBXNativeTarget section */

/* Begin PBXProject section */
		F33C39F33672A17BC2A1E0D9 /* Project object */ = {
			isa = PBXProject;
			attributes = {
				BuildIndependentTargetsInParallel = YES;
				LastUpgradeCheck = 1600;
				TargetAttributes = {
					7BA1AA1EFB1012E94DD9A5FA = {
						ProvisioningStyle = Manual;
					};
					FD2D560CF513834C1517A36E = {
						ProvisioningStyle = Manual;
					};
				};
			};
			buildConfigurationList = 428C7B04D096766B3F4AB90C /* Build configuration list for PBXProject "AirAssist" */;
			developmentRegion = en;
			hasScannedForEncodings = 0;
			knownRegions = (
				Base,
				en,
			);
			mainGroup = 2E24B3DBCD6DB64E93F0D5EE;
			minimizedProjectReferenceProxies = 1;
			preferredProjectObjectVersion = 77;
			productRefGroup = E475C39220847B2C421D62B4 /* Products */;
			projectDirPath = "";
			projectRoot = "";
			targets = (
				7BA1AA1EFB1012E94DD9A5FA /* AirAssist */,
				FD2D560CF513834C1517A36E /* AirAssistTests */,
			);
		};
/* End PBXProject section */

/* Begin PBXResourcesBuildPhase section */
		9F3BCA545AB0D073E1BC2EC0 /* Resources */ = {
			isa = PBXResourcesBuildPhase;
			buildActionMask = 2147483647;
			files = (
				133CBE6FAE9AA07D61B348B5 /* Assets.xcassets in Resources */,
			);
			runOnlyForDeploymentPostprocessing = 0;
		};
/* End PBXResourcesBuildPhase section */

/* Begin PBXSourcesBuildPhase section */
		4AF345E839684E3409B11B1B /* Sources */ = {
			isa = PBXSourcesBuildPhase;
			buildActionMask = 2147483647;
			files = (
				BD6134487DFA3B4DD3CD9E0E /* GovernorConfigClampTests.swift in Sources */,
				2B6962559FBCFCF4DDF1A3DF /* ProcessThrottlerArbitrationTests.swift in Sources */,
				B77AD3CA5AE2AF1411D68173 /* SafetyCoordinatorTests.swift in Sources */,
			);
			runOnlyForDeploymentPostprocessing = 0;
		};
		7F558EAAFC9B6A4D4C76C239 /* Sources */ = {
			isa = PBXSourcesBuildPhase;
			buildActionMask = 2147483647;
			files = (
				4111D77C0E4FD338E48D7F0C /* AirAssistApp.swift in Sources */,
				8EDE88F52ED18CCF2EFC8CBD /* AppDelegate.swift in Sources */,
				E9F23A842ABC54031BBAE6AB /* Constants.swift in Sources */,
				EB79F540BA6F71D092CAA211 /* DashboardContainerView.swift in Sources */,
				96364AA71968BC08B8C14C16 /* DashboardView.swift in Sources */,
				3C53C4BE5E248A344EB5EFBF /* DashboardWindowController.swift in Sources */,
				0F4EDC318F405B7E520BF6C5 /* FrontmostAppObserver.swift in Sources */,
				1FBEFE6AFC18FA9F73206F50 /* GeneralPrefsView.swift in Sources */,
				ACFABCECFECDF629B1105134 /* GovernorConfig.swift in Sources */,
				C99CE41C0148623FB418A91D /* HistoryLogger.swift in Sources */,
				C43FB882937BC5D2E7FACF2B /* HistoryReader.swift in Sources */,
				FAB74801EE74233DE341FF9C /* HistoryView.swift in Sources */,
				2E8787E468BA9D77080343A2 /* IOKitSensorReader.swift in Sources */,
				C2E0E06F927D297FDC8B647B /* MenuBarController.swift in Sources */,
				A5B74A36D44F389797534E71 /* MenuBarIconRenderer.swift in Sources */,
				8DC04E3A457334A8CD3D7EA3 /* MenuBarPopoverView.swift in Sources */,
				669F7ADA3EFC37AAD09B3AD2 /* MenuBarPrefs.swift in Sources */,
				1A0F0707769B5E1104E65551 /* MenuBarPrefsView.swift in Sources */,
				2C02FDC905DF81A8091E7AD3 /* MenuBarQuickMenu.swift in Sources */,
				24F6786F7227631D1C081DF9 /* PreferencesView.swift in Sources */,
				1D99B043A174F61732F796F8 /* PreferencesWindowController.swift in Sources */,
				30D3D067217FDCD224706495 /* ProcessInspector.swift in Sources */,
				6C0C86897E24C74BE1885FEE /* ProcessSnapshotPublisher.swift in Sources */,
				C731C152534FB6D04AA9863E /* ProcessThrottler.swift in Sources */,
				E421277A46C55704D12DEDB4 /* RunningProcess.swift in Sources */,
				3EE7E39D8EAC8F21B3B8DBD7 /* SafetyCoordinator.swift in Sources */,
				50EF7E4928DD0A61A1B3869B /* Sensor.swift in Sources */,
				DA468550C7C0B1564688DBF2 /* SensorCardView.swift in Sources */,
				AB48799889B27371203501F4 /* SensorCategorizer.swift in Sources */,
				0A04AF5B11A0831917ADD356 /* SensorListView.swift in Sources */,
				07DEAE60DE866AE450B0D168 /* SensorService.swift in Sources */,
				B0A47662747C2867086D592B /* SensorsPrefsView.swift in Sources */,
				CD2D85C4177BC7D73A473358 /* StayAwakeService.swift in Sources */,
				A421ADB89070A8D476A827E9 /* TemperatureFormatter.swift in Sources */,
				CAB1687E2D8A71F55C3F50B5 /* ThermalEntry.swift in Sources */,
				5EEC54693BD115E3BF931574 /* ThermalGovernor.swift in Sources */,
				23E76F3C783FC9160017310E /* ThermalStore.swift in Sources */,
				72FE15AFF7FE2FD18EBD5B04 /* ThresholdPersistence.swift in Sources */,
				5A858B7E2BF0CFC0B3E49847 /* ThrottleRule.swift in Sources */,
				14BC7D908B94115EF40BC9D5 /* ThrottleRuleEngine.swift in Sources */,
				8CA421B3782B870D24263659 /* ThrottlingPrefsView.swift in Sources */,
			);
			runOnlyForDeploymentPostprocessing = 0;
		};
/* End PBXSourcesBuildPhase section */

/* Begin PBXTargetDependency section */
		E70B237EE69C04458651FD4F /* PBXTargetDependency */ = {
			isa = PBXTargetDependency;
			target = 7BA1AA1EFB1012E94DD9A5FA /* AirAssist */;
			targetProxy = 3FF354DA76CE11DC3245E2A3 /* PBXContainerItemProxy */;
		};
/* End PBXTargetDependency section */

/* Begin XCBuildConfiguration section */
		03AFA9ACD1F59090D4738FD7 /* Release */ = {
			isa = XCBuildConfiguration;
			buildSettings = {
				ALWAYS_SEARCH_USER_PATHS = NO;
				ARCHS = arm64;
				CLANG_ANALYZER_NONNULL = YES;
				CLANG_ANALYZER_NUMBER_OBJECT_CONVERSION = YES_AGGRESSIVE;
				CLANG_CXX_LANGUAGE_STANDARD = "gnu++14";
				CLANG_CXX_LIBRARY = "libc++";
				CLANG_ENABLE_MODULES = YES;
				CLANG_ENABLE_OBJC_ARC = YES;
				CLANG_ENABLE_OBJC_WEAK = YES;
				CLANG_WARN_BLOCK_CAPTURE_AUTORELEASING = YES;
				CLANG_WARN_BOOL_CONVERSION = YES;
				CLANG_WARN_COMMA = YES;
				CLANG_WARN_CONSTANT_CONVERSION = YES;
				CLANG_WARN_DEPRECATED_OBJC_IMPLEMENTATIONS = YES;
				CLANG_WARN_DIRECT_OBJC_ISA_USAGE = YES_ERROR;
				CLANG_WARN_DOCUMENTATION_COMMENTS = YES;
				CLANG_WARN_EMPTY_BODY = YES;
				CLANG_WARN_ENUM_CONVERSION = YES;
				CLANG_WARN_INFINITE_RECURSION = YES;
				CLANG_WARN_INT_CONVERSION = YES;
				CLANG_WARN_NON_LITERAL_NULL_CONVERSION = YES;
				CLANG_WARN_OBJC_IMPLICIT_RETAIN_SELF = YES;
				CLANG_WARN_OBJC_LITERAL_CONVERSION = YES;
				CLANG_WARN_OBJC_ROOT_CLASS = YES_ERROR;
				CLANG_WARN_QUOTED_INCLUDE_IN_FRAMEWORK_HEADER = YES;
				CLANG_WARN_RANGE_LOOP_ANALYSIS = YES;
				CLANG_WARN_STRICT_PROTOTYPES = YES;
				CLANG_WARN_SUSPICIOUS_MOVE = YES;
				CLANG_WARN_UNGUARDED_AVAILABILITY = YES_AGGRESSIVE;
				CLANG_WARN_UNREACHABLE_CODE = YES;
				CLANG_WARN__DUPLICATE_METHOD_MATCH = YES;
				CODE_SIGNING_ALLOWED = YES;
				CODE_SIGNING_REQUIRED = NO;
				CODE_SIGN_IDENTITY = "-";
				CODE_SIGN_STYLE = Manual;
				COPY_PHASE_STRIP = NO;
				DEBUG_INFORMATION_FORMAT = "dwarf-with-dsym";
				ENABLE_HARDENED_RUNTIME = YES;
				ENABLE_NS_ASSERTIONS = NO;
				ENABLE_STRICT_OBJC_MSGSEND = YES;
				"EXCLUDED_ARCHS[sdk=macosx*]" = x86_64;
				GCC_C_LANGUAGE_STANDARD = gnu17;
				GCC_NO_COMMON_BLOCKS = YES;
				GCC_WARN_64_TO_32_BIT_CONVERSION = YES;
				GCC_WARN_ABOUT_RETURN_TYPE = YES_ERROR;
				GCC_WARN_UNDECLARED_SELECTOR = YES;
				GCC_WARN_UNINITIALIZED_AUTOS = YES_AGGRESSIVE;
				GCC_WARN_UNUSED_FUNCTION = YES;
				GCC_WARN_UNUSED_VARIABLE = YES;
				MACOSX_DEPLOYMENT_TARGET = 15.0;
				MTL_ENABLE_DEBUG_INFO = NO;
				MTL_FAST_MATH = YES;
				PRODUCT_NAME = "$(TARGET_NAME)";
				SDKROOT = macosx;
				SWIFT_COMPILATION_MODE = wholemodule;
				SWIFT_EMIT_LOC_STRINGS = YES;
				SWIFT_OPTIMIZATION_LEVEL = "-O";
				SWIFT_VERSION = 6.0;
			};
			name = Release;
		};
		4FB2836DBDF33BC32CDDF2C7 /* Release */ = {
			isa = XCBuildConfiguration;
			buildSettings = {
				BUNDLE_LOADER = "$(TEST_HOST)";
				COMBINE_HIDPI_IMAGES = YES;
				GENERATE_INFOPLIST_FILE = YES;
				LD_RUNPATH_SEARCH_PATHS = (
					"$(inherited)",
					"@executable_path/../Frameworks",
					"@loader_path/../Frameworks",
				);
				MACOSX_DEPLOYMENT_TARGET = 15.0;
				PRODUCT_BUNDLE_IDENTIFIER = com.airAssist.AirAssistTests;
				SDKROOT = macosx;
				SWIFT_STRICT_CONCURRENCY = minimal;
				SWIFT_VERSION = 6.0;
				TEST_HOST = "$(BUILT_PRODUCTS_DIR)/AirAssist.app/Contents/MacOS/AirAssist";
			};
			name = Release;
		};
		5F9E350F869C654265BB16D8 /* Debug */ = {
			isa = XCBuildConfiguration;
			buildSettings = {
				ASSETCATALOG_COMPILER_APPICON_NAME = AppIcon;
				ASSETCATALOG_COMPILER_GLOBAL_ACCENT_COLOR_NAME = AccentColor;
				COMBINE_HIDPI_IMAGES = YES;
				INFOPLIST_FILE = AirAssist/Info.plist;
				LD_RUNPATH_SEARCH_PATHS = (
					"$(inherited)",
					"@executable_path/../Frameworks",
				);
				MACOSX_DEPLOYMENT_TARGET = 15.0;
				PRODUCT_BUNDLE_IDENTIFIER = com.airAssist.app;
				PRODUCT_NAME = AirAssist;
				SDKROOT = macosx;
				SWIFT_OBJC_BRIDGING_HEADER = AirAssist/IOKitBridge.h;
				SWIFT_STRICT_CONCURRENCY = complete;
			};
			name = Debug;
		};
		70BDE6495D7908A0A992ACB7 /* Release */ = {
			isa = XCBuildConfiguration;
			buildSettings = {
				ASSETCATALOG_COMPILER_APPICON_NAME = AppIcon;
				ASSETCATALOG_COMPILER_GLOBAL_ACCENT_COLOR_NAME = AccentColor;
				COMBINE_HIDPI_IMAGES = YES;
				INFOPLIST_FILE = AirAssist/Info.plist;
				LD_RUNPATH_SEARCH_PATHS = (
					"$(inherited)",
					"@executable_path/../Frameworks",
				);
				MACOSX_DEPLOYMENT_TARGET = 15.0;
				PRODUCT_BUNDLE_IDENTIFIER = com.airAssist.app;
				PRODUCT_NAME = AirAssist;
				SDKROOT = macosx;
				SWIFT_OBJC_BRIDGING_HEADER = AirAssist/IOKitBridge.h;
				SWIFT_STRICT_CONCURRENCY = complete;
			};
			name = Release;
		};
		A3C5C70B6B1A97E3A6EBFFBF /* Debug */ = {
			isa = XCBuildConfiguration;
			buildSettings = {
				BUNDLE_LOADER = "$(TEST_HOST)";
				COMBINE_HIDPI_IMAGES = YES;
				GENERATE_INFOPLIST_FILE = YES;
				LD_RUNPATH_SEARCH_PATHS = (
					"$(inherited)",
					"@executable_path/../Frameworks",
					"@loader_path/../Frameworks",
				);
				MACOSX_DEPLOYMENT_TARGET = 15.0;
				PRODUCT_BUNDLE_IDENTIFIER = com.airAssist.AirAssistTests;
				SDKROOT = macosx;
				SWIFT_STRICT_CONCURRENCY = minimal;
				SWIFT_VERSION = 6.0;
				TEST_HOST = "$(BUILT_PRODUCTS_DIR)/AirAssist.app/Contents/MacOS/AirAssist";
			};
			name = Debug;
		};
		BEC7E416ADC1330875050BFC /* Debug */ = {
			isa = XCBuildConfiguration;
			buildSettings = {
				ALWAYS_SEARCH_USER_PATHS = NO;
				ARCHS = arm64;
				CLANG_ANALYZER_NONNULL = YES;
				CLANG_ANALYZER_NUMBER_OBJECT_CONVERSION = YES_AGGRESSIVE;
				CLANG_CXX_LANGUAGE_STANDARD = "gnu++14";
				CLANG_CXX_LIBRARY = "libc++";
				CLANG_ENABLE_MODULES = YES;
				CLANG_ENABLE_OBJC_ARC = YES;
				CLANG_ENABLE_OBJC_WEAK = YES;
				CLANG_WARN_BLOCK_CAPTURE_AUTORELEASING = YES;
				CLANG_WARN_BOOL_CONVERSION = YES;
				CLANG_WARN_COMMA = YES;
				CLANG_WARN_CONSTANT_CONVERSION = YES;
				CLANG_WARN_DEPRECATED_OBJC_IMPLEMENTATIONS = YES;
				CLANG_WARN_DIRECT_OBJC_ISA_USAGE = YES_ERROR;
				CLANG_WARN_DOCUMENTATION_COMMENTS = YES;
				CLANG_WARN_EMPTY_BODY = YES;
				CLANG_WARN_ENUM_CONVERSION = YES;
				CLANG_WARN_INFINITE_RECURSION = YES;
				CLANG_WARN_INT_CONVERSION = YES;
				CLANG_WARN_NON_LITERAL_NULL_CONVERSION = YES;
				CLANG_WARN_OBJC_IMPLICIT_RETAIN_SELF = YES;
				CLANG_WARN_OBJC_LITERAL_CONVERSION = YES;
				CLANG_WARN_OBJC_ROOT_CLASS = YES_ERROR;
				CLANG_WARN_QUOTED_INCLUDE_IN_FRAMEWORK_HEADER = YES;
				CLANG_WARN_RANGE_LOOP_ANALYSIS = YES;
				CLANG_WARN_STRICT_PROTOTYPES = YES;
				CLANG_WARN_SUSPICIOUS_MOVE = YES;
				CLANG_WARN_UNGUARDED_AVAILABILITY = YES_AGGRESSIVE;
				CLANG_WARN_UNREACHABLE_CODE = YES;
				CLANG_WARN__DUPLICATE_METHOD_MATCH = YES;
				CODE_SIGNING_ALLOWED = YES;
				CODE_SIGNING_REQUIRED = NO;
				CODE_SIGN_IDENTITY = "-";
				CODE_SIGN_STYLE = Manual;
				COPY_PHASE_STRIP = NO;
				DEBUG_INFORMATION_FORMAT = dwarf;
				ENABLE_HARDENED_RUNTIME = YES;
				ENABLE_STRICT_OBJC_MSGSEND = YES;
				ENABLE_TESTABILITY = YES;
				"EXCLUDED_ARCHS[sdk=macosx*]" = x86_64;
				GCC_C_LANGUAGE_STANDARD = gnu17;
				GCC_DYNAMIC_NO_PIC = NO;
				GCC_NO_COMMON_BLOCKS = YES;
				GCC_OPTIMIZATION_LEVEL = 0;
				GCC_PREPROCESSOR_DEFINITIONS = (
					"$(inherited)",
					"DEBUG=1",
				);
				GCC_WARN_64_TO_32_BIT_CONVERSION = YES;
				GCC_WARN_ABOUT_RETURN_TYPE = YES_ERROR;
				GCC_WARN_UNDECLARED_SELECTOR = YES;
				GCC_WARN_UNINITIALIZED_AUTOS = YES_AGGRESSIVE;
				GCC_WARN_UNUSED_FUNCTION = YES;
				GCC_WARN_UNUSED_VARIABLE = YES;
				MACOSX_DEPLOYMENT_TARGET = 15.0;
				MTL_ENABLE_DEBUG_INFO = INCLUDE_SOURCE;
				MTL_FAST_MATH = YES;
				ONLY_ACTIVE_ARCH = YES;
				PRODUCT_NAME = "$(TARGET_NAME)";
				SDKROOT = macosx;
				SWIFT_ACTIVE_COMPILATION_CONDITIONS = DEBUG;
				SWIFT_EMIT_LOC_STRINGS = YES;
				SWIFT_OPTIMIZATION_LEVEL = "-Onone";
				SWIFT_VERSION = 6.0;
			};
			name = Debug;
		};
/* End XCBuildConfiguration section */

/* Begin XCConfigurationList section */
		1217BCD6773326CD04491F1F /* Build configuration list for PBXNativeTarget "AirAssistTests" */ = {
			isa = XCConfigurationList;
			buildConfigurations = (
				A3C5C70B6B1A97E3A6EBFFBF /* Debug */,
				4FB2836DBDF33BC32CDDF2C7 /* Release */,
			);
			defaultConfigurationIsVisible = 0;
			defaultConfigurationName = Debug;
		};
		428C7B04D096766B3F4AB90C /* Build configuration list for PBXProject "AirAssist" */ = {
			isa = XCConfigurationList;
			buildConfigurations = (
				BEC7E416ADC1330875050BFC /* Debug */,
				03AFA9ACD1F59090D4738FD7 /* Release */,
			);
			defaultConfigurationIsVisible = 0;
			defaultConfigurationName = Debug;
		};
		4FA0E1B18539A68F99F3865F /* Build configuration list for PBXNativeTarget "AirAssist" */ = {
			isa = XCConfigurationList;
			buildConfigurations = (
				5F9E350F869C654265BB16D8 /* Debug */,
				70BDE6495D7908A0A992ACB7 /* Release */,
			);
			defaultConfigurationIsVisible = 0;
			defaultConfigurationName = Debug;
		};
/* End XCConfigurationList section */
	};
	rootObject = F33C39F33672A17BC2A1E0D9 /* Project object */;
}
